
Microsoft Visual Studio Solution File, Format Version 12.00
Project("{FAE04EC0-301F-11D3-BF4B-00C04F79EFBC}") = "PDF-to-XLSX Converter", "PDF-to-XLSX Converter\PDF-to-XLSX Converter.csproj", "{8D29E3BE-6DCD-4025-B185-B86B398018C0}"
EndProject
Global
	GlobalSection(SolutionConfigurationPlatforms) = preSolution
		Debug|Any CPU = Debug|Any CPU
		Release|Any CPU = Release|Any CPU
	EndGlobalSection
	GlobalSection(ProjectConfigurationPlatforms) = postSolution
		{8D29E3BE-6DCD-4025-B185-B86B398018C0}.Debug|Any CPU.ActiveCfg = Debug|Any CPU
		{8D29E3BE-6DCD-4025-B185-B86B398018C0}.Debug|Any CPU.Build.0 = Debug|Any CPU
		{8D29E3BE-6DCD-4025-B185-B86B398018C0}.Release|Any CPU.ActiveCfg = Release|Any CPU
		{8D29E3BE-6DCD-4025-B185-B86B398018C0}.Release|Any CPU.Build.0 = Release|Any CPU
	EndGlobalSection
EndGlobal
